darvaza.org/core v0.15.2 h1:reSkWMHTkqCjhDJox89+gObadAikKDjddRbzS+5/wIQ=
darvaza.org/core v0.15.2/go.mod h1:zvFshV8ncuQcvZxjPsHfBgBvVtwa+bHAWDpMQ3N/Ajc=
darvaza.org/core v0.15.3 h1:gfzWN8CyRrQVikFpEj89W4WZ00OIN8VYxRWHEwG2WyQ=
darvaza.org/core v0.15.3/go.mod h1:S8QWBUX2FOYcT7Cl3K6oG6PSJDm6/2cI79MPEyRh844=
darvaza.org/core v0.15.4 h1:R0kHauyfjT4gEP0YxITxgCoONQ7JVsM/Fc9qblkzaaU=
darvaza.org/core v0.15.4/go.mod h1:TZvRGmS6O6bIaN2/VFGf/GhCEBbOlTd51G7tQx6qdwM=
darvaza.org/slog v0.5.14 h1:F8+OU0u3GbfNzHaJRT8XWgr07LK2ExFLA1BRks1qtgk=
darvaza.org/slog v0.5.14/go.mod h1:PQfXbRaX8pGYhD5Xi+vAJBCUlHcmajNjMZGAfrcu7/E=
github.com/google/go-cmp v0.6.0 h1:ofyhxvXcZhMsU5ulbFiLKl/XBFqE1GSq7atu8tAmTRI=
github.com/google/go-cmp v0.6.0/go.mod h1:17dUlkBOakJ0+DkrSSNjCkIjxS6bF9zb3elmeNGIjoY=
golang.org/x/net v0.30.0 h1:AcW1SDZMkb8IpzCdQUaIq2sP4sZ4zw+55h6ynffypl4=
golang.org/x/net v0.30.0/go.mod h1:2wGyMJ5iFasEhkwi13ChkO/t1ECNC4X4eBKkVFyYFlU=
golang.org/x/net v0.31.0 h1:68CPQngjLL0r2AlUKiSxtQFKvzRVbnzLwMUn5SzcLHo=
golang.org/x/net v0.31.0/go.mod h1:P4fl1q7dY2hnZFxEk4pPSkDHF+QqjitcnDjUQyMM+pM=
golang.org/x/net v0.32.0 h1:ZqPmj8Kzc+Y6e0+skZsuACbx+wzMgo5MQsJh9Qd6aYI=
golang.org/x/net v0.32.0/go.mod h1:CwU0IoeOlnQQWJ6ioyFrfRuomB8GKF6KbYXZVyeXNfs=
golang.org/x/text v0.19.0 h1:kTxAhCbGbxhK0IwgSKiMO5awPoDQ0RpfiVYBfK860YM=
golang.org/x/text v0.19.0/go.mod h1:BuEKDfySbSR4drPmRPG/7iBdf8hvFMuRexcpahXilzY=
golang.org/x/text v0.20.0 h1:gK/Kv2otX8gz+wn7Rmb3vT96ZwuoxnQlY+HlJVj7Qug=
golang.org/x/text v0.20.0/go.mod h1:D4IsuqiFMhST5bX19pQ9ikHC2GsaKyk/oF+pn3ducp4=
golang.org/x/text v0.21.0 h1:zyQAAkrwaneQ066sspRyJaG9VNi/YJ1NfzcGB3hZ/qo=
golang.org/x/text v0.21.0/go.mod h1:4IBbMaMmOPCJ8SecivzSH54+73PCFmPWxNTLm+vZkEQ=
google.golang.org/protobuf v1.35.1 h1:m3LfL6/Ca+fqnjnlqQXNpFPABW1UD7mjh8KO2mKFytA=
google.golang.org/protobuf v1.35.1/go.mod h1:9fA7Ob0pmnwhb644+1+CVWFRbNajQ6iRojtC/QF5bRE=
google.golang.org/protobuf v1.35.2 h1:8Ar7bF+apOIoThw1EdZl0p1oWvMqTHmpA2fRTyZO8io=
google.golang.org/protobuf v1.35.2/go.mod h1:9fA7Ob0pmnwhb644+1+CVWFRbNajQ6iRojtC/QF5bRE=
